{
  "name": "system",
  "version": "1.0.0",
  "lockfileVersion": 3,
  "requires": true,
  "packages": {
    "": {
      "name": "system",
      "version": "1.0.0",
      "license": "MIT",
      "dependencies": {
        "dotenv": "^16.3.1",
        "masto": "^7.10.1",
        "node-os-utils": "^2.0.1"
      },
      "engines": {
        "node": ">= 14.0.0",
        "npm": ">= 6.0.0"
      }
    },
    "node_modules/change-case": {
      "version": "5.4.4",
      "resolved": "https://registry.npmjs.org/change-case/-/change-case-5.4.4.tgz",
      "integrity": "sha512-HRQyTk2/YPEkt9TnUPbOpr64Uw3KOicFWPVBb+xiHvd6eBx/qPr9xqfBFDT8P2vWsvvz4jbEkfDe71W3VyNu2w==",
      "license": "MIT"
    },
    "node_modules/dotenv": {
      "version": "16.3.1",
      "resolved": "https://registry.npmjs.org/dotenv/-/dotenv-16.3.1.tgz",
      "integrity": "sha512-IPzF4w4/Rd94bA9imS68tZBaYyBWSCE47V1RGuMrB94iyTOIEwRmVL2x/4An+6mETpLrKJ5hQkB8W4kFAadeIQ==",
      "engines": {
        "node": ">=12"
      },
      "funding": {
        "url": "https://github.com/motdotla/dotenv?sponsor=1"
      }
    },
    "node_modules/events-to-async": {
      "version": "2.0.2",
      "resolved": "https://registry.npmjs.org/events-to-async/-/events-to-async-2.0.2.tgz",
      "integrity": "sha512-WzI6m/SU+F38t2tejHh6IQuQkNZ0dMOmSEmODJb9czaeMYtQ5FVZ+b6DOHr3hC6hNKNnn9CwDUN8mJiAkWSI9Q==",
      "license": "MIT"
    },
    "node_modules/isomorphic-ws": {
      "version": "5.0.0",
      "resolved": "https://registry.npmjs.org/isomorphic-ws/-/isomorphic-ws-5.0.0.tgz",
      "integrity": "sha512-muId7Zzn9ywDsyXgTIafTry2sV3nySZeUDe6YedVd1Hvuuep5AsIlqK+XefWpYTyJG5e503F2xIuT2lcU6rCSw==",
      "peerDependencies": {
        "ws": "*"
      }
    },
    "node_modules/masto": {
      "version": "7.10.1",
      "resolved": "https://registry.npmjs.org/masto/-/masto-7.10.1.tgz",
      "integrity": "sha512-dYJBSwilbuLof+sd9Ov7TE8qaVcP4XLY4oB0peHMdWzewxiC/ldIs4n4vtlUj8e4lbaeLYql7n2iRm4rZx6zaA==",
      "license": "MIT",
      "dependencies": {
        "change-case": "^5.4.4",
        "events-to-async": "^2.0.2",
        "isomorphic-ws": "^5.0.0",
        "ts-custom-error": "^3.3.1",
        "ws": "^8.18.3"
      }
    },
    "node_modules/node-os-utils": {
      "version": "2.0.1",
      "resolved": "https://registry.npmjs.org/node-os-utils/-/node-os-utils-2.0.1.tgz",
      "integrity": "sha512-rH2N3qHZETLhdgTGhMMCE8zU3gsWO4we1MFtrSiAI7tYWrnJRc6dk2PseV4co3Lb0v/MbRONLQI2biHQYbpTpg==",
      "license": "MIT",
      "engines": {
        "node": ">=18.0.0"
      }
    },
    "node_modules/ts-custom-error": {
      "version": "3.3.1",
      "resolved": "https://registry.npmjs.org/ts-custom-error/-/ts-custom-error-3.3.1.tgz",
      "integrity": "sha512-5OX1tzOjxWEgsr/YEUWSuPrQ00deKLh6D7OTWcvNHm12/7QPyRh8SYpyWvA4IZv8H/+GQWQEh/kwo95Q9OVW1A==",
      "engines": {
        "node": ">=14.0.0"
      }
    },
    "node_modules/ws": {
      "version": "8.19.0",
      "resolved": "https://registry.npmjs.org/ws/-/ws-8.19.0.tgz",
      "integrity": "sha512-blAT2mjOEIi0ZzruJfIhb3nps74PRWTCz1IjglWEEpQl5XS/UNama6u2/rjFkDDouqr4L67ry+1aGIALViWjDg==",
      "license": "MIT",
      "engines": {
        "node": ">=10.0.0"
      },
      "peerDependencies": {
        "bufferutil": "^4.0.1",
        "utf-8-validate": ">=5.0.2"
      },
      "peerDependenciesMeta": {
        "bufferutil": {
          "optional": true
        },
        "utf-8-validate": {
          "optional": true
        }
      }
    }
  }
}
